PODS:
  - Alamofire (4.0.1)
  - EZSwiftExtensions (1.7)
  - HMSegmentedControl (1.5.3)
  - Kingfisher (3.1.4)
  - Moya (8.0.0-beta.4):
    - Moya/Core (= 8.0.0-beta.4)
  - Moya-ObjectMapper (2.2):
    - Moya-ObjectMapper/Core (= 2.2)
  - Moya-ObjectMapper/Core (2.2):
    - Moya (>= 8.0.0-beta.4)
    - ObjectMapper (= 2.2.1)
  - Moya/Core (8.0.0-beta.4):
    - Alamofire (~> 4.0)
    - Result (~> 3.0)
  - ObjectMapper (2.2.1)
  - PullToRefresher (2.0.2)
  - Result (3.0.0)
  - Reusable (3.0.0):
    - Reusable/Storyboard (= 3.0.0)
    - Reusable/View (= 3.0.0)
  - Reusable/Storyboard (3.0.0)
  - Reusable/View (3.0.0)
  - RxCocoa (3.0.1):
    - RxSwift (~> 3.0)
  - RxDataSources (1.0.0):
    - RxCocoa (~> 3.0)
    - RxSwift (~> 3.0)
  - RxSwift (3.0.1)
  - SnapKit (3.0.2)
  - Then (2.1.0)

DEPENDENCIES:
  - Alamofire (~> 4.0.1)
  - EZSwiftExtensions
  - HMSegmentedControl
  - Kingfisher (~> 3.1.4)
  - Moya (~> 8.0.0-beta.3)
  - Moya-ObjectMapper (from `https://github.com/ivanbruel/Moya-ObjectMapper`)
  - PullToRefresher (~> 2.0)
  - Reusable (~> 3.0.0)
  - RxDataSources (~> 1.0)
  - RxSwift
  - SnapKit (~> 3.0.2)
  - Then (~> 2.1)

EXTERNAL SOURCES:
  Moya-ObjectMapper:
    :git: https://github.com/ivanbruel/Moya-ObjectMapper

CHECKOUT OPTIONS:
  Moya-ObjectMapper:
    :commit: 355491378ad81a1b38b71789892f59c1385baf91
    :git: https://github.com/ivanbruel/Moya-ObjectMapper

SPEC CHECKSUMS:
  Alamofire: 7682d43245de14874acd142ec137b144aa1dd335
  EZSwiftExtensions: 4afef248066a036903d8496bf07bc355b22ce766
  HMSegmentedControl: 7c6145afb50f26cec5f3243082f6f12b9f41318f
  Kingfisher: 6c67e3e57f2d81a9cfdfa25052cd86f33ceac9bb
  Moya: bad6f72ec40661f09a8cd85ab470226d2795a485
  Moya-ObjectMapper: c1ebefeea9df76bab2982c8809f0675a5b2528b1
  ObjectMapper: 41e43e1a89f8060ef5ea5d04ba852e269a621d68
  PullToRefresher: 5e101a8c3523e67ee0291375ba932ef59e0853c2
  Result: 1b3e431f37cbcd3ad89c6aa9ab0ae55515fae3b6
  Reusable: ab77c4c51a4b9606946df70e30cb8ad9cf75c226
  RxCocoa: 15a52fc590dcc700cb4a690a633b5c5184ce3a78
  RxDataSources: 824693e84d00781d0a5e5cedc1ff95ce9250aacd
  RxSwift: af5680055c4ad04480189c52d28385b1029493a6
  SnapKit: 2e456761aa92d4d4067a7a5594c18769d451a8ad
  Then: 8496793c8fcac95482b943909b440724c7d8d82c

PODFILE CHECKSUM: 85ff36a665fba7691cfdd450c3e736446c4edb64

COCOAPODS: 1.0.1
