PODS:
  - Action (3.2.0):
    - RxCocoa (~> 3.4)
    - RxSwift (~> 3.4)
  - Alamofire (4.5.1)
  - Differentiator (2.0.2)
  - EZSwiftExtensions (1.11)
  - HMSegmentedControl (1.5.4)
  - Kingfisher (3.10.4)
  - Moya (8.0.5):
    - Moya/Core (= 8.0.5)
  - Moya/Core (8.0.5):
    - Alamofire (~> 4.1)
    - Result (~> 3.0)
  - Moya/RxSwift (8.0.5):
    - Moya/Core
    - RxSwift (~> 3.0)
  - NoticeBar (0.1.5)
  - NSObject+Rx (3.0.0):
    - RxSwift (~> 3.0)
  - ObjectMapper (2.2.8)
  - PullToRefresher (2.0.2)
  - Result (3.2.3)
  - Reusable (3.0.0):
    - Reusable/Storyboard (= 3.0.0)
    - Reusable/View (= 3.0.0)
  - Reusable/Storyboard (3.0.0)
  - Reusable/View (3.0.0)
  - RxCocoa (3.6.1):
    - RxSwift (~> 3.6)
  - RxDataSources (2.0.2):
    - Differentiator (~> 2.0)
    - RxCocoa (>= 3.6.1)
    - RxSwift (>= 3.6.1)
  - RxOptional (3.2.0):
    - RxCocoa
    - RxSwift
  - RxSwift (3.6.1)
  - SideMenu (2.3.3)
  - SnapKit (3.0.2)
  - SwiftWebVC (0.4.1)
  - SwiftyBeaver (1.4.1)
  - Then (2.1.1)

DEPENDENCIES:
  - Action
  - Alamofire
  - EZSwiftExtensions
  - HMSegmentedControl
  - Kingfisher (~> 3.10.0)
  - Moya (~> 8.0.0-beta.5)
  - Moya/RxSwift
  - NoticeBar
  - NSObject+Rx
  - ObjectMapper
  - PullToRefresher (~> 2.0)
  - Reusable (= 3.0.0)
  - RxDataSources
  - RxOptional
  - RxSwift
  - SideMenu
  - SnapKit (~> 3.0.2)
  - SwiftWebVC
  - SwiftyBeaver
  - Then (~> 2.1)

SPEC CHECKSUMS:
  Action: 991c9e175e04675028724868768aa08f22c85476
  Alamofire: 2d95912bf4c34f164fdfc335872e8c312acaea4a
  Differentiator: caa9b3957981a2ac8e6b2eac8a676af461caa604
  EZSwiftExtensions: 84000042202d9fd574f626cda3064143f27fa767
  HMSegmentedControl: b25bc4ec44766e073d62c473188fb354ee244b76
  Kingfisher: dc3a4983e86d2dfa89513664983a82340c11a289
  Moya: c37eec09a098ba9991b5a963b291fc5704bdb9ef
  NoticeBar: ba347fd0ec259e08480d781871648c6842ff8c57
  NSObject+Rx: 9c60a6e602ca647c0b2b34403383c305b1c6edc5
  ObjectMapper: 3d571bb5af471c779e1160828cd9ad5c4ef90958
  PullToRefresher: 5e101a8c3523e67ee0291375ba932ef59e0853c2
  Result: 128640a6347e8d2ae48b142556739a2d13f90ce6
  Reusable: ab77c4c51a4b9606946df70e30cb8ad9cf75c226
  RxCocoa: 84a08739ab186248c7f31ce4ee92d6f8a947d690
  RxDataSources: 7f190474a93a206c082c2d74c4cc9c8f7bea4feb
  RxOptional: d2d6a68064bc16b4801332c40663967f481b0234
  RxSwift: f9de85ea20cd2f7716ee5409fc13523dc638e4e4
  SideMenu: a447554ae5c982e8077666389e1c8b0c8656e065
  SnapKit: 2e456761aa92d4d4067a7a5594c18769d451a8ad
  SwiftWebVC: 17ad75e1fac143d421e0498fb40d7e37532f26d1
  SwiftyBeaver: f04f739cca6826c5fb0f575fed8fa3293f76b83e
  Then: 823a7503a851737269ba8d40e688b4db874dbd2d

PODFILE CHECKSUM: 49fab69f7bf995f63e3136ade5fa95156391fd6c

COCOAPODS: 1.4.0
