// !$*UTF8*$!
{
	archiveVersion = 1;
	classes = {
	};
	objectVersion = 46;
	objects = {

/* Begin PBXBuildFile section */
		AF9F0FD11DF1A6CD00FF8EC5 /* Brick.swift in Sources */ = {isa = PBXBuildFile; fileRef = AF9F0FD01DF1A6CD00FF8EC5 /* Brick.swift */; };
		AF9F0FD41DF1A91300FF8EC5 /* HomeViewController.swift in Sources */ = {isa = PBXBuildFile; fileRef = AF9F0FD31DF1A91300FF8EC5 /* HomeViewController.swift */; };
		AF9F0FD91DF1A9E900FF8EC5 /* HomeTableViewCell.swift in Sources */ = {isa = PBXBuildFile; fileRef = AF9F0FD71DF1A9E900FF8EC5 /* HomeTableViewCell.swift */; };
		AF9F0FDA1DF1A9E900FF8EC5 /* HomeTableViewCell.xib in Resources */ = {isa = PBXBuildFile; fileRef = AF9F0FD81DF1A9E900FF8EC5 /* HomeTableViewCell.xib */; };
		AFA7EC6E1DEEDEDC00138AEE /* AppDelegate.swift in Sources */ = {isa = PBXBuildFile; fileRef = AFA7EC6D1DEEDEDC00138AEE /* AppDelegate.swift */; };
		AFA7EC731DEEDEDC00138AEE /* Main.storyboard in Resources */ = {isa = PBXBuildFile; fileRef = AFA7EC711DEEDEDC00138AEE /* Main.storyboard */; };
		AFA7EC751DEEDEDC00138AEE /* Assets.xcassets in Resources */ = {isa = PBXBuildFile; fileRef = AFA7EC741DEEDEDC00138AEE /* Assets.xcassets */; };
		AFA7EC781DEEDEDC00138AEE /* LaunchScreen.storyboard in Resources */ = {isa = PBXBuildFile; fileRef = AFA7EC761DEEDEDC00138AEE /* LaunchScreen.storyboard */; };
		AFBDB2621DF58F23003E8EE2 /* GankAPI.swift in Sources */ = {isa = PBXBuildFile; fileRef = AFBDB2611DF58F23003E8EE2 /* GankAPI.swift */; };
		F2322ED0BDDB5547F4A1D973 /* Pods_Gank.framework in Frameworks */ = {isa = PBXBuildFile; fileRef = ECF6CC27851F092E4B160AF6 /* Pods_Gank.framework */; };
/* End PBXBuildFile section */

/* Begin PBXFileReference section */
		8549F4BE32D5A4600A90FD47 /* Pods-Gank.debug.xcconfig */ = {isa = PBXFileReference; includeInIndex = 1; lastKnownFileType = text.xcconfig; name = "Pods-Gank.debug.xcconfig"; path = "Pods/Target Support Files/Pods-Gank/Pods-Gank.debug.xcconfig"; sourceTree = "<group>"; };
		8D471DB23A1F471D67A6B0EE /* Pods-Gank.release.xcconfig */ = {isa = PBXFileReference; includeInIndex = 1; lastKnownFileType = text.xcconfig; name = "Pods-Gank.release.xcconfig"; path = "Pods/Target Support Files/Pods-Gank/Pods-Gank.release.xcconfig"; sourceTree = "<group>"; };
		AF9F0FD01DF1A6CD00FF8EC5 /* Brick.swift */ = {isa = PBXFileReference; fileEncoding = 4; lastKnownFileType = sourcecode.swift; path = Brick.swift; sourceTree = "<group>"; };
		AF9F0FD31DF1A91300FF8EC5 /* HomeViewController.swift */ = {isa = PBXFileReference; fileEncoding = 4; lastKnownFileType = sourcecode.swift; path = HomeViewController.swift; sourceTree = "<group>"; };
		AF9F0FD71DF1A9E900FF8EC5 /* HomeTableViewCell.swift */ = {isa = PBXFileReference; fileEncoding = 4; lastKnownFileType = sourcecode.swift; path = HomeTableViewCell.swift; sourceTree = "<group>"; };
		AF9F0FD81DF1A9E900FF8EC5 /* HomeTableViewCell.xib */ = {isa = PBXFileReference; fileEncoding = 4; lastKnownFileType = file.xib; path = HomeTableViewCell.xib; sourceTree = "<group>"; };
		AFA7EC6A1DEEDEDC00138AEE /* Gank.app */ = {isa = PBXFileReference; explicitFileType = wrapper.application; includeInIndex = 0; path = Gank.app; sourceTree = BUILT_PRODUCTS_DIR; };
		AFA7EC6D1DEEDEDC00138AEE /* AppDelegate.swift */ = {isa = PBXFileReference; lastKnownFileType = sourcecode.swift; path = AppDelegate.swift; sourceTree = "<group>"; };
		AFA7EC721DEEDEDC00138AEE /* Base */ = {isa = PBXFileReference; lastKnownFileType = file.storyboard; name = Base; path = Base.lproj/Main.storyboard; sourceTree = "<group>"; };
		AFA7EC741DEEDEDC00138AEE /* Assets.xcassets */ = {isa = PBXFileReference; lastKnownFileType = folder.assetcatalog; path = Assets.xcassets; sourceTree = "<group>"; };
		AFA7EC771DEEDEDC00138AEE /* Base */ = {isa = PBXFileReference; lastKnownFileType = file.storyboard; name = Base; path = Base.lproj/LaunchScreen.storyboard; sourceTree = "<group>"; };
		AFA7EC791DEEDEDC00138AEE /* Info.plist */ = {isa = PBXFileReference; lastKnownFileType = text.plist.xml; path = Info.plist; sourceTree = "<group>"; };
		AFA7EC831DEF4D5900138AEE /* Gank-Bridging-Header.h */ = {isa = PBXFileReference; lastKnownFileType = sourcecode.c.h; path = "Gank-Bridging-Header.h"; sourceTree = "<group>"; };
		AFBDB2611DF58F23003E8EE2 /* GankAPI.swift */ = {isa = PBXFileReference; fileEncoding = 4; lastKnownFileType = sourcecode.swift; path = GankAPI.swift; sourceTree = "<group>"; };
		ECF6CC27851F092E4B160AF6 /* Pods_Gank.framework */ = {isa = PBXFileReference; explicitFileType = wrapper.framework; includeInIndex = 0; path = Pods_Gank.framework; sourceTree = BUILT_PRODUCTS_DIR; };
/* End PBXFileReference section */

/* Begin PBXFrameworksBuildPhase section */
		AFA7EC671DEEDEDC00138AEE /* Frameworks */ = {
			isa = PBXFrameworksBuildPhase;
			buildActionMask = 2147483647;
			files = (
				F2322ED0BDDB5547F4A1D973 /* Pods_Gank.framework in Frameworks */,
			);
			runOnlyForDeploymentPostprocessing = 0;
		};
/* End PBXFrameworksBuildPhase section */

/* Begin PBXGroup section */
		76D86625E43062857DEBD5A2 /* Frameworks */ = {
			isa = PBXGroup;
			children = (
				ECF6CC27851F092E4B160AF6 /* Pods_Gank.framework */,
			);
			name = Frameworks;
			sourceTree = "<group>";
		};
		AF9F0FCE1DF1A66300FF8EC5 /* Models */ = {
			isa = PBXGroup;
			children = (
				AF9F0FCF1DF1A66E00FF8EC5 /* Home */,
			);
			path = Models;
			sourceTree = "<group>";
		};
		AF9F0FCF1DF1A66E00FF8EC5 /* Home */ = {
			isa = PBXGroup;
			children = (
				AF9F0FD01DF1A6CD00FF8EC5 /* Brick.swift */,
			);
			path = Home;
			sourceTree = "<group>";
		};
		AF9F0FD21DF1A8FA00FF8EC5 /* Home */ = {
			isa = PBXGroup;
			children = (
				AF9F0FD31DF1A91300FF8EC5 /* HomeViewController.swift */,
			);
			path = Home;
			sourceTree = "<group>";
		};
		AF9F0FD51DF1A9B300FF8EC5 /* Views */ = {
			isa = PBXGroup;
			children = (
				AF9F0FD61DF1A9C100FF8EC5 /* Home */,
			);
			path = Views;
			sourceTree = "<group>";
		};
		AF9F0FD61DF1A9C100FF8EC5 /* Home */ = {
			isa = PBXGroup;
			children = (
				AF9F0FD71DF1A9E900FF8EC5 /* HomeTableViewCell.swift */,
				AF9F0FD81DF1A9E900FF8EC5 /* HomeTableViewCell.xib */,
			);
			name = Home;
			path = home;
			sourceTree = "<group>";
		};
		AFA7EC611DEEDEDC00138AEE = {
			isa = PBXGroup;
			children = (
				AFA7EC6C1DEEDEDC00138AEE /* Gank */,
				AFA7EC6B1DEEDEDC00138AEE /* Products */,
				B934ED3498AB176D331F2919 /* Pods */,
				76D86625E43062857DEBD5A2 /* Frameworks */,
			);
			sourceTree = "<group>";
		};
		AFA7EC6B1DEEDEDC00138AEE /* Products */ = {
			isa = PBXGroup;
			children = (
				AFA7EC6A1DEEDEDC00138AEE /* Gank.app */,
			);
			name = Products;
			sourceTree = "<group>";
		};
		AFA7EC6C1DEEDEDC00138AEE /* Gank */ = {
			isa = PBXGroup;
			children = (
				AFBDB25F1DF58ED9003E8EE2 /* Services */,
				AFA7EC821DEF4CA600138AEE /* Config */,
				AF9F0FCE1DF1A66300FF8EC5 /* Models */,
				AFA7EC7F1DEF4BB400138AEE /* Controllers */,
				AF9F0FD51DF1A9B300FF8EC5 /* Views */,
				AFA7EC6D1DEEDEDC00138AEE /* AppDelegate.swift */,
				AFA7EC711DEEDEDC00138AEE /* Main.storyboard */,
				AFA7EC741DEEDEDC00138AEE /* Assets.xcassets */,
				AFA7EC761DEEDEDC00138AEE /* LaunchScreen.storyboard */,
				AFA7EC791DEEDEDC00138AEE /* Info.plist */,
			);
			path = Gank;
			sourceTree = "<group>";
		};
		AFA7EC7F1DEF4BB400138AEE /* Controllers */ = {
			isa = PBXGroup;
			children = (
				AF9F0FD21DF1A8FA00FF8EC5 /* Home */,
			);
			path = Controllers;
			sourceTree = "<group>";
		};
		AFA7EC821DEF4CA600138AEE /* Config */ = {
			isa = PBXGroup;
			children = (
				AFA7EC831DEF4D5900138AEE /* Gank-Bridging-Header.h */,
			);
			path = Config;
			sourceTree = "<group>";
		};
		AFBDB25F1DF58ED9003E8EE2 /* Services */ = {
			isa = PBXGroup;
			children = (
				AFBDB2601DF58EF1003E8EE2 /* Network */,
			);
			path = Services;
			sourceTree = "<group>";
		};
		AFBDB2601DF58EF1003E8EE2 /* Network */ = {
			isa = PBXGroup;
			children = (
				AFBDB2611DF58F23003E8EE2 /* GankAPI.swift */,
			);
			path = Network;
			sourceTree = "<group>";
		};
		B934ED3498AB176D331F2919 /* Pods */ = {
			isa = PBXGroup;
			children = (
				8549F4BE32D5A4600A90FD47 /* Pods-Gank.debug.xcconfig */,
				8D471DB23A1F471D67A6B0EE /* Pods-Gank.release.xcconfig */,
			);
			name = Pods;
			sourceTree = "<group>";
		};
/* End PBXGroup section */

/* Begin PBXNativeTarget section */
		AFA7EC691DEEDEDC00138AEE /* Gank */ = {
			isa = PBXNativeTarget;
			buildConfigurationList = AFA7EC7C1DEEDEDC00138AEE /* Build configuration list for PBXNativeTarget "Gank" */;
			buildPhases = (
				DDD2283C8D4D0F238A575BF0 /* [CP] Check Pods Manifest.lock */,
				AFA7EC661DEEDEDC00138AEE /* Sources */,
				AFA7EC671DEEDEDC00138AEE /* Frameworks */,
				AFA7EC681DEEDEDC00138AEE /* Resources */,
				29E82F0B854670A68B44D42B /* [CP] Embed Pods Frameworks */,
				FF63BD155A33A5B4498E7539 /* [CP] Copy Pods Resources */,
			);
			buildRules = (
			);
			dependencies = (
			);
			name = Gank;
			productName = Gank;
			productReference = AFA7EC6A1DEEDEDC00138AEE /* Gank.app */;
			productType = "com.apple.product-type.application";
		};
/* End PBXNativeTarget section */

/* Begin PBXProject section */
		AFA7EC621DEEDEDC00138AEE /* Project object */ = {
			isa = PBXProject;
			attributes = {
				LastSwiftUpdateCheck = 0810;
				LastUpgradeCheck = 0810;
				ORGANIZATIONNAME = Maru;
				TargetAttributes = {
					AFA7EC691DEEDEDC00138AEE = {
						CreatedOnToolsVersion = 8.1;
						DevelopmentTeam = 678WD436L9;
						ProvisioningStyle = Automatic;
					};
				};
			};
			buildConfigurationList = AFA7EC651DEEDEDC00138AEE /* Build configuration list for PBXProject "Gank" */;
			compatibilityVersion = "Xcode 3.2";
			developmentRegion = English;
			hasScannedForEncodings = 0;
			knownRegions = (
				en,
				Base,
			);
			mainGroup = AFA7EC611DEEDEDC00138AEE;
			productRefGroup = AFA7EC6B1DEEDEDC00138AEE /* Products */;
			projectDirPath = "";
			projectRoot = "";
			targets = (
				AFA7EC691DEEDEDC00138AEE /* Gank */,
			);
		};
/* End PBXProject section */

/* Begin PBXResourcesBuildPhase section */
		AFA7EC681DEEDEDC00138AEE /* Resources */ = {
			isa = PBXResourcesBuildPhase;
			buildActionMask = 2147483647;
			files = (
				AFA7EC781DEEDEDC00138AEE /* LaunchScreen.storyboard in Resources */,
				AFA7EC751DEEDEDC00138AEE /* Assets.xcassets in Resources */,
				AF9F0FDA1DF1A9E900FF8EC5 /* HomeTableViewCell.xib in Resources */,
				AFA7EC731DEEDEDC00138AEE /* Main.storyboard in Resources */,
			);
			runOnlyForDeploymentPostprocessing = 0;
		};
/* End PBXResourcesBuildPhase section */

/* Begin PBXShellScriptBuildPhase section */
		29E82F0B854670A68B44D42B /* [CP] Embed Pods Frameworks */ = {
			isa = PBXShellScriptBuildPhase;
			buildActionMask = 2147483647;
			files = (
			);
			inputPaths = (
			);
			name = "[CP] Embed Pods Frameworks";
			outputPaths = (
			);
			runOnlyForDeploymentPostprocessing = 0;
			shellPath = /bin/sh;
			shellScript = "\"${SRCROOT}/Pods/Target Support Files/Pods-Gank/Pods-Gank-frameworks.sh\"\n";
			showEnvVarsInLog = 0;
		};
		DDD2283C8D4D0F238A575BF0 /* [CP] Check Pods Manifest.lock */ = {
			isa = PBXShellScriptBuildPhase;
			buildActionMask = 2147483647;
			files = (
			);
			inputPaths = (
			);
			name = "[CP] Check Pods Manifest.lock";
			outputPaths = (
			);
			runOnlyForDeploymentPostprocessing = 0;
			shellPath = /bin/sh;
			shellScript = "diff \"${PODS_ROOT}/../Podfile.lock\" \"${PODS_ROOT}/Manifest.lock\" > /dev/null\nif [[ $? != 0 ]] ; then\n    cat << EOM\nerror: The sandbox is not in sync with the Podfile.lock. Run 'pod install' or update your CocoaPods installation.\nEOM\n    exit 1\nfi\n";
			showEnvVarsInLog = 0;
		};
		FF63BD155A33A5B4498E7539 /* [CP] Copy Pods Resources */ = {
			isa = PBXShellScriptBuildPhase;
			buildActionMask = 2147483647;
			files = (
			);
			inputPaths = (
			);
			name = "[CP] Copy Pods Resources";
			outputPaths = (
			);
			runOnlyForDeploymentPostprocessing = 0;
			shellPath = /bin/sh;
			shellScript = "\"${SRCROOT}/Pods/Target Support Files/Pods-Gank/Pods-Gank-resources.sh\"\n";
			showEnvVarsInLog = 0;
		};
/* End PBXShellScriptBuildPhase section */

/* Begin PBXSourcesBuildPhase section */
		AFA7EC661DEEDEDC00138AEE /* Sources */ = {
			isa = PBXSourcesBuildPhase;
			buildActionMask = 2147483647;
			files = (
				AFBDB2621DF58F23003E8EE2 /* GankAPI.swift in Sources */,
				AFA7EC6E1DEEDEDC00138AEE /* AppDelegate.swift in Sources */,
				AF9F0FD11DF1A6CD00FF8EC5 /* Brick.swift in Sources */,
				AF9F0FD91DF1A9E900FF8EC5 /* HomeTableViewCell.swift in Sources */,
				AF9F0FD41DF1A91300FF8EC5 /* HomeViewController.swift in Sources */,
			);
			runOnlyForDeploymentPostprocessing = 0;
		};
/* End PBXSourcesBuildPhase section */

/* Begin PBXVariantGroup section */
		AFA7EC711DEEDEDC00138AEE /* Main.storyboard */ = {
			isa = PBXVariantGroup;
			children = (
				AFA7EC721DEEDEDC00138AEE /* Base */,
			);
			name = Main.storyboard;
			sourceTree = "<group>";
		};
		AFA7EC761DEEDEDC00138AEE /* LaunchScreen.storyboard */ = {
			isa = PBXVariantGroup;
			children = (
				AFA7EC771DEEDEDC00138AEE /* Base */,
			);
			name = LaunchScreen.storyboard;
			sourceTree = "<group>";
		};
/* End PBXVariantGroup section */

/* Begin XCBuildConfiguration section */
		AFA7EC7A1DEEDEDC00138AEE /* Debug */ = {
			isa = XCBuildConfiguration;
			buildSettings = {
				ALWAYS_SEARCH_USER_PATHS = NO;
				CLANG_ANALYZER_NONNULL = YES;
				CLANG_CXX_LANGUAGE_STANDARD = "gnu++0x";
				CLANG_CXX_LIBRARY = "libc++";
				CLANG_ENABLE_MODULES = YES;
				CLANG_ENABLE_OBJC_ARC = YES;
				CLANG_WARN_BOOL_CONVERSION = YES;
				CLANG_WARN_CONSTANT_CONVERSION = YES;
				CLANG_WARN_DIRECT_OBJC_ISA_USAGE = YES_ERROR;
				CLANG_WARN_DOCUMENTATION_COMMENTS = YES;
				CLANG_WARN_EMPTY_BODY = YES;
				CLANG_WARN_ENUM_CONVERSION = YES;
				CLANG_WARN_INFINITE_RECURSION = YES;
				CLANG_WARN_INT_CONVERSION = YES;
				CLANG_WARN_OBJC_ROOT_CLASS = YES_ERROR;
				CLANG_WARN_SUSPICIOUS_MOVES = YES;
				CLANG_WARN_UNREACHABLE_CODE = YES;
				CLANG_WARN__DUPLICATE_METHOD_MATCH = YES;
				"CODE_SIGN_IDENTITY[sdk=iphoneos*]" = "iPhone Developer";
				COPY_PHASE_STRIP = NO;
				DEBUG_INFORMATION_FORMAT = dwarf;
				ENABLE_STRICT_OBJC_MSGSEND = YES;
				ENABLE_TESTABILITY = YES;
				GCC_C_LANGUAGE_STANDARD = gnu99;
				GCC_DYNAMIC_NO_PIC = NO;
				GCC_NO_COMMON_BLOCKS = YES;
				GCC_OPTIMIZATION_LEVEL = 0;
				GCC_PREPROCESSOR_DEFINITIONS = (
					"DEBUG=1",
					"$(inherited)",
				);
				GCC_WARN_64_TO_32_BIT_CONVERSION = YES;
				GCC_WARN_ABOUT_RETURN_TYPE = YES_ERROR;
				GCC_WARN_UNDECLARED_SELECTOR = YES;
				GCC_WARN_UNINITIALIZED_AUTOS = YES_AGGRESSIVE;
				GCC_WARN_UNUSED_FUNCTION = YES;
				GCC_WARN_UNUSED_VARIABLE = YES;
				IPHONEOS_DEPLOYMENT_TARGET = 10.1;
				MTL_ENABLE_DEBUG_INFO = YES;
				ONLY_ACTIVE_ARCH = YES;
				SDKROOT = iphoneos;
				SWIFT_ACTIVE_COMPILATION_CONDITIONS = DEBUG;
				SWIFT_OPTIMIZATION_LEVEL = "-Onone";
			};
			name = Debug;
		};
		AFA7EC7B1DEEDEDC00138AEE /* Release */ = {
			isa = XCBuildConfiguration;
			buildSettings = {
				ALWAYS_SEARCH_USER_PATHS = NO;
				CLANG_ANALYZER_NONNULL = YES;
				CLANG_CXX_LANGUAGE_STANDARD = "gnu++0x";
				CLANG_CXX_LIBRARY = "libc++";
				CLANG_ENABLE_MODULES = YES;
				CLANG_ENABLE_OBJC_ARC = YES;
				CLANG_WARN_BOOL_CONVERSION = YES;
				CLANG_WARN_CONSTANT_CONVERSION = YES;
				CLANG_WARN_DIRECT_OBJC_ISA_USAGE = YES_ERROR;
				CLANG_WARN_DOCUMENTATION_COMMENTS = YES;
				CLANG_WARN_EMPTY_BODY = YES;
				CLANG_WARN_ENUM_CONVERSION = YES;
				CLANG_WARN_INFINITE_RECURSION = YES;
				CLANG_WARN_INT_CONVERSION = YES;
				CLANG_WARN_OBJC_ROOT_CLASS = YES_ERROR;
				CLANG_WARN_SUSPICIOUS_MOVES = YES;
				CLANG_WARN_UNREACHABLE_CODE = YES;
				CLANG_WARN__DUPLICATE_METHOD_MATCH = YES;
				"CODE_SIGN_IDENTITY[sdk=iphoneos*]" = "iPhone Developer";
				COPY_PHASE_STRIP = NO;
				DEBUG_INFORMATION_FORMAT = "dwarf-with-dsym";
				ENABLE_NS_ASSERTIONS = NO;
				ENABLE_STRICT_OBJC_MSGSEND = YES;
				GCC_C_LANGUAGE_STANDARD = gnu99;
				GCC_NO_COMMON_BLOCKS = YES;
				GCC_WARN_64_TO_32_BIT_CONVERSION = YES;
				GCC_WARN_ABOUT_RETURN_TYPE = YES_ERROR;
				GCC_WARN_UNDECLARED_SELECTOR = YES;
				GCC_WARN_UNINITIALIZED_AUTOS = YES_AGGRESSIVE;
				GCC_WARN_UNUSED_FUNCTION = YES;
				GCC_WARN_UNUSED_VARIABLE = YES;
				IPHONEOS_DEPLOYMENT_TARGET = 10.1;
				MTL_ENABLE_DEBUG_INFO = NO;
				SDKROOT = iphoneos;
				SWIFT_OPTIMIZATION_LEVEL = "-Owholemodule";
				VALIDATE_PRODUCT = YES;
			};
			name = Release;
		};
		AFA7EC7D1DEEDEDC00138AEE /* Debug */ = {
			isa = XCBuildConfiguration;
			baseConfigurationReference = 8549F4BE32D5A4600A90FD47 /* Pods-Gank.debug.xcconfig */;
			buildSettings = {
				ASSETCATALOG_COMPILER_APPICON_NAME = AppIcon;
				DEVELOPMENT_TEAM = 678WD436L9;
				INFOPLIST_FILE = Gank/Info.plist;
				LD_RUNPATH_SEARCH_PATHS = "$(inherited) @executable_path/Frameworks";
				PRODUCT_BUNDLE_IDENTIFIER = alloc.studio.Gank;
				PRODUCT_NAME = "$(TARGET_NAME)";
				SWIFT_OBJC_BRIDGING_HEADER = "Gank/Config/Gank-Bridging-Header.h";
				SWIFT_VERSION = 3.0;
			};
			name = Debug;
		};
		AFA7EC7E1DEEDEDC00138AEE /* Release */ = {
			isa = XCBuildConfiguration;
			baseConfigurationReference = 8D471DB23A1F471D67A6B0EE /* Pods-Gank.release.xcconfig */;
			buildSettings = {
				ASSETCATALOG_COMPILER_APPICON_NAME = AppIcon;
				DEVELOPMENT_TEAM = 678WD436L9;
				INFOPLIST_FILE = Gank/Info.plist;
				LD_RUNPATH_SEARCH_PATHS = "$(inherited) @executable_path/Frameworks";
				PRODUCT_BUNDLE_IDENTIFIER = alloc.studio.Gank;
				PRODUCT_NAME = "$(TARGET_NAME)";
				SWIFT_OBJC_BRIDGING_HEADER = "Gank/Config/Gank-Bridging-Header.h";
				SWIFT_VERSION = 3.0;
			};
			name = Release;
		};
/* End XCBuildConfiguration section */

/* Begin XCConfigurationList section */
		AFA7EC651DEEDEDC00138AEE /* Build configuration list for PBXProject "Gank" */ = {
			isa = XCConfigurationList;
			buildConfigurations = (
				AFA7EC7A1DEEDEDC00138AEE /* Debug */,
				AFA7EC7B1DEEDEDC00138AEE /* Release */,
			);
			defaultConfigurationIsVisible = 0;
			defaultConfigurationName = Release;
		};
		AFA7EC7C1DEEDEDC00138AEE /* Build configuration list for PBXNativeTarget "Gank" */ = {
			isa = XCConfigurationList;
			buildConfigurations = (
				AFA7EC7D1DEEDEDC00138AEE /* Debug */,
				AFA7EC7E1DEEDEDC00138AEE /* Release */,
			);
			defaultConfigurationIsVisible = 0;
			defaultConfigurationName = Release;
		};
/* End XCConfigurationList section */
	};
	rootObject = AFA7EC621DEEDEDC00138AEE /* Project object */;
}
